
Microsoft Visual Studio Solution File, Format Version 12.00
# Visual Studio Version 16
VisualStudioVersion = 16.0.29424.173
MinimumVisualStudioVersion = 10.0.40219.1
Project("{9A19103F-16F7-4668-BE54-9A1E7A4F7556}") = "OnlineExam.Model", "OnlineExam.Model\OnlineExam.Model.csproj", "{5998D943-ADB4-410F-9CBD-E7CFA3315356}"
EndProject
Project("{9A19103F-16F7-4668-BE54-9A1E7A4F7556}") = "OnlineExam.DAL", "OnlineExam.DAL\OnlineExam.DAL.csproj", "{BAEB2FB8-C0C1-43D8-8918-42F10DB0715F}"
EndProject
Project("{9A19103F-16F7-4668-BE54-9A1E7A4F7556}") = "OnlineExam.Core", "OnlineExam.Core\OnlineExam.Core.csproj", "{07C70D33-5E69-4994-AF2B-D4DB914C9C5C}"
EndProject
Project("{9A19103F-16F7-4668-BE54-9A1E7A4F7556}") = "OnlineExam.BLL", "OnlineExam.BLL\OnlineExam.BLL.csproj", "{B0F12A95-91AD-493A-8E78-5E8FAE2668FA}"
EndProject
Project("{FAE04EC0-301F-11D3-BF4B-00C04F79EFBC}") = "OnlineExam.PL.WebMVC", "OnlineExam.PL.WebMVC\OnlineExam.PL.WebMVC.csproj", "{61141878-E6D8-4A82-809A-34BF6236BE14}"
EndProject
Global
	GlobalSection(SolutionConfigurationPlatforms) = preSolution
		Debug|Any CPU = Debug|Any CPU
		Release|Any CPU = Release|Any CPU
	EndGlobalSection
	GlobalSection(ProjectConfigurationPlatforms) = postSolution
		{5998D943-ADB4-410F-9CBD-E7CFA3315356}.Debug|Any CPU.ActiveCfg = Debug|Any CPU
		{5998D943-ADB4-410F-9CBD-E7CFA3315356}.Debug|Any CPU.Build.0 = Debug|Any CPU
		{5998D943-ADB4-410F-9CBD-E7CFA3315356}.Release|Any CPU.ActiveCfg = Release|Any CPU
		{5998D943-ADB4-410F-9CBD-E7CFA3315356}.Release|Any CPU.Build.0 = Release|Any CPU
		{BAEB2FB8-C0C1-43D8-8918-42F10DB0715F}.Debug|Any CPU.ActiveCfg = Debug|Any CPU
		{BAEB2FB8-C0C1-43D8-8918-42F10DB0715F}.Debug|Any CPU.Build.0 = Debug|Any CPU
		{BAEB2FB8-C0C1-43D8-8918-42F10DB0715F}.Release|Any CPU.ActiveCfg = Release|Any CPU
		{BAEB2FB8-C0C1-43D8-8918-42F10DB0715F}.Release|Any CPU.Build.0 = Release|Any CPU
		{07C70D33-5E69-4994-AF2B-D4DB914C9C5C}.Debug|Any CPU.ActiveCfg = Debug|Any CPU
		{07C70D33-5E69-4994-AF2B-D4DB914C9C5C}.Debug|Any CPU.Build.0 = Debug|Any CPU
		{07C70D33-5E69-4994-AF2B-D4DB914C9C5C}.Release|Any CPU.ActiveCfg = Release|Any CPU
		{07C70D33-5E69-4994-AF2B-D4DB914C9C5C}.Release|Any CPU.Build.0 = Release|Any CPU
		{B0F12A95-91AD-493A-8E78-5E8FAE2668FA}.Debug|Any CPU.ActiveCfg = Debug|Any CPU
		{B0F12A95-91AD-493A-8E78-5E8FAE2668FA}.Debug|Any CPU.Build.0 = Debug|Any CPU
		{B0F12A95-91AD-493A-8E78-5E8FAE2668FA}.Release|Any CPU.ActiveCfg = Release|Any CPU
		{B0F12A95-91AD-493A-8E78-5E8FAE2668FA}.Release|Any CPU.Build.0 = Release|Any CPU
		{61141878-E6D8-4A82-809A-34BF6236BE14}.Debug|Any CPU.ActiveCfg = Debug|Any CPU
		{61141878-E6D8-4A82-809A-34BF6236BE14}.Debug|Any CPU.Build.0 = Debug|Any CPU
		{61141878-E6D8-4A82-809A-34BF6236BE14}.Release|Any CPU.ActiveCfg = Release|Any CPU
		{61141878-E6D8-4A82-809A-34BF6236BE14}.Release|Any CPU.Build.0 = Release|Any CPU
	EndGlobalSection
	GlobalSection(SolutionProperties) = preSolution
		HideSolutionNode = FALSE
	EndGlobalSection
	GlobalSection(ExtensibilityGlobals) = postSolution
		SolutionGuid = {C0C1B3CA-1248-43D5-B31B-D5EA7DCDF74C}
	EndGlobalSection
EndGlobal
